// !$*UTF8*$!
{
	archiveVersion = 1;
	classes = {
	};
	objectVersion = 55;
	objects = {

/* Begin PBXBuildFile section */
		D737127327E9E1CF00FF4EB9 /* BaseResult.swift in Sources */ = {isa = PBXBuildFile; fileRef = D737127227E9E1CF00FF4EB9 /* BaseResult.swift */; };
		D737127527E9E37200FF4EB9 /* Result.swift in Sources */ = {isa = PBXBuildFile; fileRef = D737127427E9E37200FF4EB9 /* Result.swift */; };
		D7678F9527E8089900754032 /* ProgrammerCalculatorApp.swift in Sources */ = {isa = PBXBuildFile; fileRef = D7678F9427E8089900754032 /* ProgrammerCalculatorApp.swift */; };
		D7678F9727E8089900754032 /* ContentView.swift in Sources */ = {isa = PBXBuildFile; fileRef = D7678F9627E8089900754032 /* ContentView.swift */; };
		D7678F9927E8089A00754032 /* Assets.xcassets in Resources */ = {isa = PBXBuildFile; fileRef = D7678F9827E8089A00754032 /* Assets.xcassets */; };
		D7678F9C27E8089A00754032 /* Preview Assets.xcassets in Resources */ = {isa = PBXBuildFile; fileRef = D7678F9B27E8089A00754032 /* Preview Assets.xcassets */; };
		D7678FA827E80A8900754032 /* ButtonViews.swift in Sources */ = {isa = PBXBuildFile; fileRef = D7678FA727E80A8900754032 /* ButtonViews.swift */; };
		D7678FAA27E80AD000754032 /* TextViews.swift in Sources */ = {isa = PBXBuildFile; fileRef = D7678FA927E80AD000754032 /* TextViews.swift */; };
		D7678FAF27E80B1E00754032 /* Constants.swift in Sources */ = {isa = PBXBuildFile; fileRef = D7678FAE27E80B1E00754032 /* Constants.swift */; };
		D7984D6527E835B700417480 /* Keyboard.swift in Sources */ = {isa = PBXBuildFile; fileRef = D7984D6427E835B700417480 /* Keyboard.swift */; };
		D7CA8B6A27F7B18900F56382 /* Buttons.swift in Sources */ = {isa = PBXBuildFile; fileRef = D7CA8B6927F7B18900F56382 /* Buttons.swift */; };
		D7D0C181280F3E63005F9F20 /* Calculator.swift in Sources */ = {isa = PBXBuildFile; fileRef = D7D0C180280F3E63005F9F20 /* Calculator.swift */; };
/* End PBXBuildFile section */

/* Begin PBXFileReference section */
		D737127227E9E1CF00FF4EB9 /* BaseResult.swift */ = {isa = PBXFileReference; lastKnownFileType = sourcecode.swift; path = BaseResult.swift; sourceTree = "<group>"; };
		D737127427E9E37200FF4EB9 /* Result.swift */ = {isa = PBXFileReference; lastKnownFileType = sourcecode.swift; path = Result.swift; sourceTree = "<group>"; };
		D7678F9127E8089900754032 /* ProgrammerCalculator.app */ = {isa = PBXFileReference; explicitFileType = wrapper.application; includeInIndex = 0; path = ProgrammerCalculator.app; sourceTree = BUILT_PRODUCTS_DIR; };
		D7678F9427E8089900754032 /* ProgrammerCalculatorApp.swift */ = {isa = PBXFileReference; lastKnownFileType = sourcecode.swift; path = ProgrammerCalculatorApp.swift; sourceTree = "<group>"; };
		D7678F9627E8089900754032 /* ContentView.swift */ = {isa = PBXFileReference; lastKnownFileType = sourcecode.swift; path = ContentView.swift; sourceTree = "<group>"; };
		D7678F9827E8089A00754032 /* Assets.xcassets */ = {isa = PBXFileReference; lastKnownFileType = folder.assetcatalog; path = Assets.xcassets; sourceTree = "<group>"; };
		D7678F9B27E8089A00754032 /* Preview Assets.xcassets */ = {isa = PBXFileReference; lastKnownFileType = folder.assetcatalog; path = "Preview Assets.xcassets"; sourceTree = "<group>"; };
		D7678FA727E80A8900754032 /* ButtonViews.swift */ = {isa = PBXFileReference; lastKnownFileType = sourcecode.swift; path = ButtonViews.swift; sourceTree = "<group>"; };
		D7678FA927E80AD000754032 /* TextViews.swift */ = {isa = PBXFileReference; lastKnownFileType = sourcecode.swift; path = TextViews.swift; sourceTree = "<group>"; };
		D7678FAE27E80B1E00754032 /* Constants.swift */ = {isa = PBXFileReference; lastKnownFileType = sourcecode.swift; path = Constants.swift; sourceTree = "<group>"; };
		D7984D6427E835B700417480 /* Keyboard.swift */ = {isa = PBXFileReference; lastKnownFileType = sourcecode.swift; path = Keyboard.swift; sourceTree = "<group>"; };
		D7CA8B6927F7B18900F56382 /* Buttons.swift */ = {isa = PBXFileReference; lastKnownFileType = sourcecode.swift; path = Buttons.swift; sourceTree = "<group>"; };
		D7D0C180280F3E63005F9F20 /* Calculator.swift */ = {isa = PBXFileReference; lastKnownFileType = sourcecode.swift; path = Calculator.swift; sourceTree = "<group>"; };
/* End PBXFileReference section */

/* Begin PBXFrameworksBuildPhase section */
		D7678F8E27E8089900754032 /* Frameworks */ = {
			isa = PBXFrameworksBuildPhase;
			buildActionMask = 2147483647;
			files = (
			);
			runOnlyForDeploymentPostprocessing = 0;
		};
/* End PBXFrameworksBuildPhase section */

/* Begin PBXGroup section */
		D7678F8827E8089900754032 = {
			isa = PBXGroup;
			children = (
				D7678F9327E8089900754032 /* ProgrammerCalculator */,
				D7678F9227E8089900754032 /* Products */,
			);
			sourceTree = "<group>";
		};
		D7678F9227E8089900754032 /* Products */ = {
			isa = PBXGroup;
			children = (
				D7678F9127E8089900754032 /* ProgrammerCalculator.app */,
			);
			name = Products;
			sourceTree = "<group>";
		};
		D7678F9327E8089900754032 /* ProgrammerCalculator */ = {
			isa = PBXGroup;
			children = (
				D7678FA227E808A400754032 /* App */,
				D7678FA427E80A4D00754032 /* Views */,
				D7678FAB27E80AE200754032 /* Model */,
			);
			path = ProgrammerCalculator;
			sourceTree = "<group>";
		};
		D7678F9A27E8089A00754032 /* Preview Content */ = {
			isa = PBXGroup;
			children = (
				D7678F9B27E8089A00754032 /* Preview Assets.xcassets */,
			);
			path = "Preview Content";
			sourceTree = "<group>";
		};
		D7678FA227E808A400754032 /* App */ = {
			isa = PBXGroup;
			children = (
				D7678F9427E8089900754032 /* ProgrammerCalculatorApp.swift */,
				D7678F9827E8089A00754032 /* Assets.xcassets */,
				D7678F9A27E8089A00754032 /* Preview Content */,
			);
			path = App;
			sourceTree = "<group>";
		};
		D7678FA427E80A4D00754032 /* Views */ = {
			isa = PBXGroup;
			children = (
				D7678F9627E8089900754032 /* ContentView.swift */,
				D7678FA727E80A8900754032 /* ButtonViews.swift */,
				D7678FA927E80AD000754032 /* TextViews.swift */,
				D7984D6427E835B700417480 /* Keyboard.swift */,
				D737127227E9E1CF00FF4EB9 /* BaseResult.swift */,
				D737127427E9E37200FF4EB9 /* Result.swift */,
			);
			path = Views;
			sourceTree = "<group>";
		};
		D7678FAB27E80AE200754032 /* Model */ = {
			isa = PBXGroup;
			children = (
				D7678FAE27E80B1E00754032 /* Constants.swift */,
				D7CA8B6927F7B18900F56382 /* Buttons.swift */,
				D7D0C180280F3E63005F9F20 /* Calculator.swift */,
			);
			path = Model;
			sourceTree = "<group>";
		};
/* End PBXGroup section */

/* Begin PBXNativeTarget section */
		D7678F9027E8089900754032 /* ProgrammerCalculator */ = {
			isa = PBXNativeTarget;
			buildConfigurationList = D7678F9F27E8089A00754032 /* Build configuration list for PBXNativeTarget "ProgrammerCalculator" */;
			buildPhases = (
				D7678F8D27E8089900754032 /* Sources */,
				D7678F8E27E8089900754032 /* Frameworks */,
				D7678F8F27E8089900754032 /* Resources */,
			);
			buildRules = (
			);
			dependencies = (
			);
			name = ProgrammerCalculator;
			productName = ProgrammerCalculator;
			productReference = D7678F9127E8089900754032 /* ProgrammerCalculator.app */;
			productType = "com.apple.product-type.application";
		};
/* End PBXNativeTarget section */

/* Begin PBXProject section */
		D7678F8927E8089900754032 /* Project object */ = {
			isa = PBXProject;
			attributes = {
				BuildIndependentTargetsInParallel = 1;
				LastSwiftUpdateCheck = 1330;
				LastUpgradeCheck = 1330;
				TargetAttributes = {
					D7678F9027E8089900754032 = {
						CreatedOnToolsVersion = 13.3;
					};
				};
			};
			buildConfigurationList = D7678F8C27E8089900754032 /* Build configuration list for PBXProject "ProgrammerCalculator" */;
			compatibilityVersion = "Xcode 13.0";
			developmentRegion = en;
			hasScannedForEncodings = 0;
			knownRegions = (
				en,
				Base,
			);
			mainGroup = D7678F8827E8089900754032;
			productRefGroup = D7678F9227E8089900754032 /* Products */;
			projectDirPath = "";
			projectRoot = "";
			targets = (
				D7678F9027E8089900754032 /* ProgrammerCalculator */,
			);
		};
/* End PBXProject section */

/* Begin PBXResourcesBuildPhase section */
		D7678F8F27E8089900754032 /* Resources */ = {
			isa = PBXResourcesBuildPhase;
			buildActionMask = 2147483647;
			files = (
				D7678F9C27E8089A00754032 /* Preview Assets.xcassets in Resources */,
				D7678F9927E8089A00754032 /* Assets.xcassets in Resources */,
			);
			runOnlyForDeploymentPostprocessing = 0;
		};
/* End PBXResourcesBuildPhase section */

/* Begin PBXSourcesBuildPhase section */
		D7678F8D27E8089900754032 /* Sources */ = {
			isa = PBXSourcesBuildPhase;
			buildActionMask = 2147483647;
			files = (
				D737127527E9E37200FF4EB9 /* Result.swift in Sources */,
				D7678FA827E80A8900754032 /* ButtonViews.swift in Sources */,
				D7CA8B6A27F7B18900F56382 /* Buttons.swift in Sources */,
				D7D0C181280F3E63005F9F20 /* Calculator.swift in Sources */,
				D7678FAA27E80AD000754032 /* TextViews.swift in Sources */,
				D7984D6527E835B700417480 /* Keyboard.swift in Sources */,
				D7678F9727E8089900754032 /* ContentView.swift in Sources */,
				D737127327E9E1CF00FF4EB9 /* BaseResult.swift in Sources */,
				D7678F9527E8089900754032 /* ProgrammerCalculatorApp.swift in Sources */,
				D7678FAF27E80B1E00754032 /* Constants.swift in Sources */,
			);
			runOnlyForDeploymentPostprocessing = 0;
		};
/* End PBXSourcesBuildPhase section */

/* Begin XCBuildConfiguration section */
		D7678F9D27E8089A00754032 /* Debug */ = {
			isa = XCBuildConfiguration;
			buildSettings = {
				ALWAYS_SEARCH_USER_PATHS = NO;
				CLANG_ANALYZER_NONNULL = YES;
				CLANG_ANALYZER_NUMBER_OBJECT_CONVERSION = YES_AGGRESSIVE;
				CLANG_CXX_LANGUAGE_STANDARD = "gnu++17";
				CLANG_ENABLE_MODULES = YES;
				CLANG_ENABLE_OBJC_ARC = YES;
				CLANG_ENABLE_OBJC_WEAK = YES;
				CLANG_WARN_BLOCK_CAPTURE_AUTORELEASING = YES;
				CLANG_WARN_BOOL_CONVERSION = YES;
				CLANG_WARN_COMMA = YES;
				CLANG_WARN_CONSTANT_CONVERSION = YES;
				CLANG_WARN_DEPRECATED_OBJC_IMPLEMENTATIONS = YES;
				CLANG_WARN_DIRECT_OBJC_ISA_USAGE = YES_ERROR;
				CLANG_WARN_DOCUMENTATION_COMMENTS = YES;
				CLANG_WARN_EMPTY_BODY = YES;
				CLANG_WARN_ENUM_CONVERSION = YES;
				CLANG_WARN_INFINITE_RECURSION = YES;
				CLANG_WARN_INT_CONVERSION = YES;
				CLANG_WARN_NON_LITERAL_NULL_CONVERSION = YES;
				CLANG_WARN_OBJC_IMPLICIT_RETAIN_SELF = YES;
				CLANG_WARN_OBJC_LITERAL_CONVERSION = YES;
				CLANG_WARN_OBJC_ROOT_CLASS = YES_ERROR;
				CLANG_WARN_QUOTED_INCLUDE_IN_FRAMEWORK_HEADER = YES;
				CLANG_WARN_RANGE_LOOP_ANALYSIS = YES;
				CLANG_WARN_STRICT_PROTOTYPES = YES;
				CLANG_WARN_SUSPICIOUS_MOVE = YES;
				CLANG_WARN_UNGUARDED_AVAILABILITY = YES_AGGRESSIVE;
				CLANG_WARN_UNREACHABLE_CODE = YES;
				CLANG_WARN__DUPLICATE_METHOD_MATCH = YES;
				COPY_PHASE_STRIP = NO;
				DEBUG_INFORMATION_FORMAT = dwarf;
				ENABLE_STRICT_OBJC_MSGSEND = YES;
				ENABLE_TESTABILITY = YES;
				GCC_C_LANGUAGE_STANDARD = gnu11;
				GCC_DYNAMIC_NO_PIC = NO;
				GCC_NO_COMMON_BLOCKS = YES;
				GCC_OPTIMIZATION_LEVEL = 0;
				GCC_PREPROCESSOR_DEFINITIONS = (
					"DEBUG=1",
					"$(inherited)",
				);
				GCC_WARN_64_TO_32_BIT_CONVERSION = YES;
				GCC_WARN_ABOUT_RETURN_TYPE = YES_ERROR;
				GCC_WARN_UNDECLARED_SELECTOR = YES;
				GCC_WARN_UNINITIALIZED_AUTOS = YES_AGGRESSIVE;
				GCC_WARN_UNUSED_FUNCTION = YES;
				GCC_WARN_UNUSED_VARIABLE = YES;
				INFOPLIST_KEY_UISupportedInterfaceOrientations = "";
				INFOPLIST_KEY_UISupportedInterfaceOrientations_iPhone = "";
				IPHONEOS_DEPLOYMENT_TARGET = 15.4;
				MTL_ENABLE_DEBUG_INFO = INCLUDE_SOURCE;
				MTL_FAST_MATH = YES;
				ONLY_ACTIVE_ARCH = YES;
				SDKROOT = iphoneos;
				SWIFT_ACTIVE_COMPILATION_CONDITIONS = DEBUG;
				SWIFT_OPTIMIZATION_LEVEL = "-Onone";
			};
			name = Debug;
		};
		D7678F9E27E8089A00754032 /* Release */ = {
			isa = XCBuildConfiguration;
			buildSettings = {
				ALWAYS_SEARCH_USER_PATHS = NO;
				CLANG_ANALYZER_NONNULL = YES;
				CLANG_ANALYZER_NUMBER_OBJECT_CONVERSION = YES_AGGRESSIVE;
				CLANG_CXX_LANGUAGE_STANDARD = "gnu++17";
				CLANG_ENABLE_MODULES = YES;
				CLANG_ENABLE_OBJC_ARC = YES;
				CLANG_ENABLE_OBJC_WEAK = YES;
				CLANG_WARN_BLOCK_CAPTURE_AUTORELEASING = YES;
				CLANG_WARN_BOOL_CONVERSION = YES;
				CLANG_WARN_COMMA = YES;
				CLANG_WARN_CONSTANT_CONVERSION = YES;
				CLANG_WARN_DEPRECATED_OBJC_IMPLEMENTATIONS = YES;
				CLANG_WARN_DIRECT_OBJC_ISA_USAGE = YES_ERROR;
				CLANG_WARN_DOCUMENTATION_COMMENTS = YES;
				CLANG_WARN_EMPTY_BODY = YES;
				CLANG_WARN_ENUM_CONVERSION = YES;
				CLANG_WARN_INFINITE_RECURSION = YES;
				CLANG_WARN_INT_CONVERSION = YES;
				CLANG_WARN_NON_LITERAL_NULL_CONVERSION = YES;
				CLANG_WARN_OBJC_IMPLICIT_RETAIN_SELF = YES;
				CLANG_WARN_OBJC_LITERAL_CONVERSION = YES;
				CLANG_WARN_OBJC_ROOT_CLASS = YES_ERROR;
				CLANG_WARN_QUOTED_INCLUDE_IN_FRAMEWORK_HEADER = YES;
				CLANG_WARN_RANGE_LOOP_ANALYSIS = YES;
				CLANG_WARN_STRICT_PROTOTYPES = YES;
				CLANG_WARN_SUSPICIOUS_MOVE = YES;
				CLANG_WARN_UNGUARDED_AVAILABILITY = YES_AGGRESSIVE;
				CLANG_WARN_UNREACHABLE_CODE = YES;
				CLANG_WARN__DUPLICATE_METHOD_MATCH = YES;
				COPY_PHASE_STRIP = NO;
				DEBUG_INFORMATION_FORMAT = "dwarf-with-dsym";
				ENABLE_NS_ASSERTIONS = NO;
				ENABLE_STRICT_OBJC_MSGSEND = YES;
				GCC_C_LANGUAGE_STANDARD = gnu11;
				GCC_NO_COMMON_BLOCKS = YES;
				GCC_WARN_64_TO_32_BIT_CONVERSION = YES;
				GCC_WARN_ABOUT_RETURN_TYPE = YES_ERROR;
				GCC_WARN_UNDECLARED_SELECTOR = YES;
				GCC_WARN_UNINITIALIZED_AUTOS = YES_AGGRESSIVE;
				GCC_WARN_UNUSED_FUNCTION = YES;
				GCC_WARN_UNUSED_VARIABLE = YES;
				IPHONEOS_DEPLOYMENT_TARGET = 15.4;
				MTL_ENABLE_DEBUG_INFO = NO;
				MTL_FAST_MATH = YES;
				SDKROOT = iphoneos;
				SWIFT_COMPILATION_MODE = wholemodule;
				SWIFT_OPTIMIZATION_LEVEL = "-O";
				VALIDATE_PRODUCT = YES;
			};
			name = Release;
		};
		D7678FA027E8089A00754032 /* Debug */ = {
			isa = XCBuildConfiguration;
			buildSettings = {
				ASSETCATALOG_COMPILER_APPICON_NAME = AppIcon;
				ASSETCATALOG_COMPILER_GLOBAL_ACCENT_COLOR_NAME = AccentColor;
				CODE_SIGN_STYLE = Automatic;
				CURRENT_PROJECT_VERSION = 1;
				DEVELOPMENT_ASSET_PATHS = "\"ProgrammerCalculator/App/Preview Content\"";
				DEVELOPMENT_TEAM = QQP8BWGP7M;
				ENABLE_PREVIEWS = YES;
				GENERATE_INFOPLIST_FILE = YES;
				INFOPLIST_FILE = ProgrammerCalculator/Info.plist;
				INFOPLIST_KEY_CFBundleDisplayName = "Programmer Calculator";
				INFOPLIST_KEY_UIApplicationSceneManifest_Generation = YES;
				INFOPLIST_KEY_UIApplicationSupportsIndirectInputEvents = YES;
				INFOPLIST_KEY_UILaunchScreen_Generation = YES;
				INFOPLIST_KEY_UIRequiredDeviceCapabilities = "";
				INFOPLIST_KEY_UISupportedInterfaceOrientations = UIInterfaceOrientationPortrait;
				INFOPLIST_KEY_UISupportedInterfaceOrientations_iPad = UIInterfaceOrientationPortrait;
				INFOPLIST_KEY_UISupportedInterfaceOrientations_iPhone = UIInterfaceOrientationPortrait;
				IPHONEOS_DEPLOYMENT_TARGET = 15.4;
				LD_RUNPATH_SEARCH_PATHS = (
					"$(inherited)",
					"@executable_path/Frameworks",
				);
				MARKETING_VERSION = 1.0;
				PRODUCT_BUNDLE_IDENTIFIER = com.matheusvalbert.ProgrammerCalculator;
				PRODUCT_NAME = "$(TARGET_NAME)";
				RESOURCES_TARGETED_DEVICE_FAMILY = "";
				SWIFT_EMIT_LOC_STRINGS = YES;
				SWIFT_VERSION = 5.0;
				TARGETED_DEVICE_FAMILY = "1,2";
			};
			name = Debug;
		};
		D7678FA127E8089A00754032 /* Release */ = {
			isa = XCBuildConfiguration;
			buildSettings = {
				ASSETCATALOG_COMPILER_APPICON_NAME = AppIcon;
				ASSETCATALOG_COMPILER_GLOBAL_ACCENT_COLOR_NAME = AccentColor;
				CODE_SIGN_STYLE = Automatic;
				CURRENT_PROJECT_VERSION = 1;
				DEVELOPMENT_ASSET_PATHS = "\"ProgrammerCalculator/App/Preview Content\"";
				DEVELOPMENT_TEAM = QQP8BWGP7M;
				ENABLE_PREVIEWS = YES;
				GENERATE_INFOPLIST_FILE = YES;
				INFOPLIST_FILE = ProgrammerCalculator/Info.plist;
				INFOPLIST_KEY_CFBundleDisplayName = "Programmer Calculator";
				INFOPLIST_KEY_UIApplicationSceneManifest_Generation = YES;
				INFOPLIST_KEY_UIApplicationSupportsIndirectInputEvents = YES;
				INFOPLIST_KEY_UILaunchScreen_Generation = YES;
				INFOPLIST_KEY_UIRequiredDeviceCapabilities = "";
				INFOPLIST_KEY_UISupportedInterfaceOrientations = UIInterfaceOrientationPortrait;
				INFOPLIST_KEY_UISupportedInterfaceOrientations_iPad = UIInterfaceOrientationPortrait;
				INFOPLIST_KEY_UISupportedInterfaceOrientations_iPhone = UIInterfaceOrientationPortrait;
				IPHONEOS_DEPLOYMENT_TARGET = 15.4;
				LD_RUNPATH_SEARCH_PATHS = (
					"$(inherited)",
					"@executable_path/Frameworks",
				);
				MARKETING_VERSION = 1.0;
				PRODUCT_BUNDLE_IDENTIFIER = com.matheusvalbert.ProgrammerCalculator;
				PRODUCT_NAME = "$(TARGET_NAME)";
				RESOURCES_TARGETED_DEVICE_FAMILY = "";
				SWIFT_EMIT_LOC_STRINGS = YES;
				SWIFT_VERSION = 5.0;
				TARGETED_DEVICE_FAMILY = "1,2";
			};
			name = Release;
		};
/* End XCBuildConfiguration section */

/* Begin XCConfigurationList section */
		D7678F8C27E8089900754032 /* Build configuration list for PBXProject "ProgrammerCalculator" */ = {
			isa = XCConfigurationList;
			buildConfigurations = (
				D7678F9D27E8089A00754032 /* Debug */,
				D7678F9E27E8089A00754032 /* Release */,
			);
			defaultConfigurationIsVisible = 0;
			defaultConfigurationName = Release;
		};
		D7678F9F27E8089A00754032 /* Build configuration list for PBXNativeTarget "ProgrammerCalculator" */ = {
			isa = XCConfigurationList;
			buildConfigurations = (
				D7678FA027E8089A00754032 /* Debug */,
				D7678FA127E8089A00754032 /* Release */,
			);
			defaultConfigurationIsVisible = 0;
			defaultConfigurationName = Release;
		};
/* End XCConfigurationList section */
	};
	rootObject = D7678F8927E8089900754032 /* Project object */;
}
